
Microsoft Visual Studio Solution File, Format Version 12.00
# Visual Studio Version 17
VisualStudioVersion = 17.5.33516.290
MinimumVisualStudioVersion = 10.0.40219.1
Project("{8BC9CEB8-8B4A-11D0-8D11-00A0C91BC942}") = "Sandbox", "Sandbox\Sandbox.vcxproj", "{E4E26DCB-4441-4BA4-B935-6969060BD5E0}"
EndProject
Project("{8BC9CEB8-8B4A-11D0-8D11-00A0C91BC942}") = "Hazel", "Hazel\Hazel.vcxproj", "{31029A69-AEC5-442C-8C42-143D3BC81199}"
EndProject
Global
	GlobalSection(SolutionConfigurationPlatforms) = preSolution
		Debug|x64 = Debug|x64
		Release|x64 = Release|x64
	EndGlobalSection
	GlobalSection(ProjectConfigurationPlatforms) = postSolution
		{31029A69-AEC5-442C-8C42-143D3BC81199}.Debug|x64.ActiveCfg = Debug|x64
		{31029A69-AEC5-442C-8C42-143D3BC81199}.Debug|x64.Build.0 = Debug|x64
		{31029A69-AEC5-442C-8C42-143D3BC81199}.Release|x64.ActiveCfg = Release|x64
		{31029A69-AEC5-442C-8C42-143D3BC81199}.Release|x64.Build.0 = Release|x64
		{E4E26DCB-4441-4BA4-B935-6969060BD5E0}.Debug|x64.ActiveCfg = Debug|x64
		{E4E26DCB-4441-4BA4-B935-6969060BD5E0}.Debug|x64.Build.0 = Debug|x64
		{E4E26DCB-4441-4BA4-B935-6969060BD5E0}.Release|x64.ActiveCfg = Release|x64
		{E4E26DCB-4441-4BA4-B935-6969060BD5E0}.Release|x64.Build.0 = Release|x64
	EndGlobalSection
	GlobalSection(SolutionProperties) = preSolution
		HideSolutionNode = FALSE
	EndGlobalSection
	GlobalSection(ExtensibilityGlobals) = postSolution
		SolutionGuid = {22036B63-5552-4C19-BDFB-39C9007ACDBE}
	EndGlobalSection
EndGlobal
